// !$*UTF8*$!
{
	archiveVersion = 1;
	classes = {
	};
	objectVersion = 50;
	objects = {

/* Begin PBXBuildFile section */
		DF73E24A23EF24C000E24124 /* main.cpp in Sources */ = {isa = PBXBuildFile; fileRef = DF73E24923EF24C000E24124 /* main.cpp */; };
		DF73E25223EF26EE00E24124 /* OpenGL.framework in Frameworks */ = {isa = PBXBuildFile; fileRef = DF73E25123EF26EE00E24124 /* OpenGL.framework */; };
		DF73E25423EF276000E24124 /* libGLEW.2.1.0.dylib in Frameworks */ = {isa = PBXBuildFile; fileRef = DF73E25323EF276000E24124 /* libGLEW.2.1.0.dylib */; };
		DF73E25623EF277600E24124 /* libglfw.3.3.dylib in Frameworks */ = {isa = PBXBuildFile; fileRef = DF73E25523EF277600E24124 /* libglfw.3.3.dylib */; };
		DF73E29D23F08BCF00E24124 /* shader.vs in CopyFiles */ = {isa = PBXBuildFile; fileRef = DF73E26323F078E400E24124 /* shader.vs */; };
		DF73E29E23F08BCF00E24124 /* shader.fs in CopyFiles */ = {isa = PBXBuildFile; fileRef = DF73E26423F0791900E24124 /* shader.fs */; };
/* End PBXBuildFile section */

/* Begin PBXCopyFilesBuildPhase section */
		DF73E29C23F08BC600E24124 /* CopyFiles */ = {
			isa = PBXCopyFilesBuildPhase;
			buildActionMask = 2147483647;
			dstPath = "";
			dstSubfolderSpec = 16;
			files = (
				DF73E29D23F08BCF00E24124 /* shader.vs in CopyFiles */,
				DF73E29E23F08BCF00E24124 /* shader.fs in CopyFiles */,
			);
			runOnlyForDeploymentPostprocessing = 0;
		};
/* End PBXCopyFilesBuildPhase section */

/* Begin PBXFileReference section */
		DF73E24623EF24C000E24124 /* hello-triangle */ = {isa = PBXFileReference; explicitFileType = "compiled.mach-o.executable"; includeInIndex = 0; path = "hello-triangle"; sourceTree = BUILT_PRODUCTS_DIR; };
		DF73E24923EF24C000E24124 /* main.cpp */ = {isa = PBXFileReference; lastKnownFileType = sourcecode.cpp.cpp; path = main.cpp; sourceTree = "<group>"; };
		DF73E25123EF26EE00E24124 /* OpenGL.framework */ = {isa = PBXFileReference; lastKnownFileType = wrapper.framework; name = OpenGL.framework; path = System/Library/Frameworks/OpenGL.framework; sourceTree = SDKROOT; };
		DF73E25323EF276000E24124 /* libGLEW.2.1.0.dylib */ = {isa = PBXFileReference; lastKnownFileType = "compiled.mach-o.dylib"; name = libGLEW.2.1.0.dylib; path = ../../../../../../usr/local/Cellar/glew/2.1.0_1/lib/libGLEW.2.1.0.dylib; sourceTree = "<group>"; };
		DF73E25523EF277600E24124 /* libglfw.3.3.dylib */ = {isa = PBXFileReference; lastKnownFileType = "compiled.mach-o.dylib"; name = libglfw.3.3.dylib; path = ../../../../../../usr/local/Cellar/glfw/3.3.2/lib/libglfw.3.3.dylib; sourceTree = "<group>"; };
		DF73E25723EF2D7000E24124 /* hello-triangle.entitlements */ = {isa = PBXFileReference; lastKnownFileType = text.plist.entitlements; path = "hello-triangle.entitlements"; sourceTree = "<group>"; };
		DF73E25C23F0699B00E24124 /* shader.h */ = {isa = PBXFileReference; explicitFileType = sourcecode.cpp.h; path = shader.h; sourceTree = "<group>"; };
		DF73E26323F078E400E24124 /* shader.vs */ = {isa = PBXFileReference; explicitFileType = sourcecode.glsl; path = shader.vs; sourceTree = "<group>"; };
		DF73E26423F0791900E24124 /* shader.fs */ = {isa = PBXFileReference; explicitFileType = sourcecode.glsl; path = shader.fs; sourceTree = "<group>"; };
/* End PBXFileReference section */

/* Begin PBXFrameworksBuildPhase section */
		DF73E24323EF24C000E24124 /* Frameworks */ = {
			isa = PBXFrameworksBuildPhase;
			buildActionMask = 2147483647;
			files = (
				DF73E25623EF277600E24124 /* libglfw.3.3.dylib in Frameworks */,
				DF73E25423EF276000E24124 /* libGLEW.2.1.0.dylib in Frameworks */,
				DF73E25223EF26EE00E24124 /* OpenGL.framework in Frameworks */,
			);
			runOnlyForDeploymentPostprocessing = 0;
		};
/* End PBXFrameworksBuildPhase section */

/* Begin PBXGroup section */
		DF73E23D23EF24C000E24124 = {
			isa = PBXGroup;
			children = (
				DF73E24823EF24C000E24124 /* hello-triangle */,
				DF73E24723EF24C000E24124 /* Products */,
				DF73E25023EF26EE00E24124 /* Frameworks */,
			);
			sourceTree = "<group>";
		};
		DF73E24723EF24C000E24124 /* Products */ = {
			isa = PBXGroup;
			children = (
				DF73E24623EF24C000E24124 /* hello-triangle */,
			);
			name = Products;
			sourceTree = "<group>";
		};
		DF73E24823EF24C000E24124 /* hello-triangle */ = {
			isa = PBXGroup;
			children = (
				DF73E25723EF2D7000E24124 /* hello-triangle.entitlements */,
				DF73E24923EF24C000E24124 /* main.cpp */,
				DF73E26323F078E400E24124 /* shader.vs */,
				DF73E26423F0791900E24124 /* shader.fs */,
				DF73E25C23F0699B00E24124 /* shader.h */,
			);
			path = "hello-triangle";
			sourceTree = "<group>";
		};
		DF73E25023EF26EE00E24124 /* Frameworks */ = {
			isa = PBXGroup;
			children = (
				DF73E25523EF277600E24124 /* libglfw.3.3.dylib */,
				DF73E25323EF276000E24124 /* libGLEW.2.1.0.dylib */,
				DF73E25123EF26EE00E24124 /* OpenGL.framework */,
			);
			name = Frameworks;
			sourceTree = "<group>";
		};
/* End PBXGroup section */

/* Begin PBXNativeTarget section */
		DF73E24523EF24C000E24124 /* hello-triangle */ = {
			isa = PBXNativeTarget;
			buildConfigurationList = DF73E24D23EF24C000E24124 /* Build configuration list for PBXNativeTarget "hello-triangle" */;
			buildPhases = (
				DF73E24223EF24C000E24124 /* Sources */,
				DF73E24323EF24C000E24124 /* Frameworks */,
				DF73E29C23F08BC600E24124 /* CopyFiles */,
			);
			buildRules = (
			);
			dependencies = (
			);
			name = "hello-triangle";
			productName = "GLFW OpenGL";
			productReference = DF73E24623EF24C000E24124 /* hello-triangle */;
			productType = "com.apple.product-type.tool";
		};
/* End PBXNativeTarget section */

/* Begin PBXProject section */
		DF73E23E23EF24C000E24124 /* Project object */ = {
			isa = PBXProject;
			attributes = {
				LastUpgradeCheck = 1130;
				ORGANIZATIONNAME = "Liam Hinzman";
				TargetAttributes = {
					DF73E24523EF24C000E24124 = {
						CreatedOnToolsVersion = 11.3.1;
					};
				};
			};
			buildConfigurationList = DF73E24123EF24C000E24124 /* Build configuration list for PBXProject "hello-triangle" */;
			compatibilityVersion = "Xcode 9.3";
			developmentRegion = en;
			hasScannedForEncodings = 0;
			knownRegions = (
				en,
				Base,
			);
			mainGroup = DF73E23D23EF24C000E24124;
			productRefGroup = DF73E24723EF24C000E24124 /* Products */;
			projectDirPath = "";
			projectRoot = "";
			targets = (
				DF73E24523EF24C000E24124 /* hello-triangle */,
			);
		};
/* End PBXProject section */

/* Begin PBXSourcesBuildPhase section */
		DF73E24223EF24C000E24124 /* Sources */ = {
			isa = PBXSourcesBuildPhase;
			buildActionMask = 2147483647;
			files = (
				DF73E24A23EF24C000E24124 /* main.cpp in Sources */,
			);
			runOnlyForDeploymentPostprocessing = 0;
		};
/* End PBXSourcesBuildPhase section */

/* Begin XCBuildConfiguration section */
		DF73E24B23EF24C000E24124 /* Debug */ = {
			isa = XCBuildConfiguration;
			buildSettings = {
				ALWAYS_SEARCH_USER_PATHS = NO;
				CLANG_ANALYZER_NONNULL = YES;
				CLANG_ANALYZER_NUMBER_OBJECT_CONVERSION = YES_AGGRESSIVE;
				CLANG_CXX_LANGUAGE_STANDARD = "gnu++14";
				CLANG_CXX_LIBRARY = "libc++";
				CLANG_ENABLE_MODULES = YES;
				CLANG_ENABLE_OBJC_ARC = YES;
				CLANG_ENABLE_OBJC_WEAK = YES;
				CLANG_WARN_BLOCK_CAPTURE_AUTORELEASING = YES;
				CLANG_WARN_BOOL_CONVERSION = YES;
				CLANG_WARN_COMMA = YES;
				CLANG_WARN_CONSTANT_CONVERSION = YES;
				CLANG_WARN_DEPRECATED_OBJC_IMPLEMENTATIONS = YES;
				CLANG_WARN_DIRECT_OBJC_ISA_USAGE = YES_ERROR;
				CLANG_WARN_DOCUMENTATION_COMMENTS = YES;
				CLANG_WARN_EMPTY_BODY = YES;
				CLANG_WARN_ENUM_CONVERSION = YES;
				CLANG_WARN_INFINITE_RECURSION = YES;
				CLANG_WARN_INT_CONVERSION = YES;
				CLANG_WARN_NON_LITERAL_NULL_CONVERSION = YES;
				CLANG_WARN_OBJC_IMPLICIT_RETAIN_SELF = YES;
				CLANG_WARN_OBJC_LITERAL_CONVERSION = YES;
				CLANG_WARN_OBJC_ROOT_CLASS = YES_ERROR;
				CLANG_WARN_RANGE_LOOP_ANALYSIS = YES;
				CLANG_WARN_STRICT_PROTOTYPES = YES;
				CLANG_WARN_SUSPICIOUS_MOVE = YES;
				CLANG_WARN_UNGUARDED_AVAILABILITY = YES_AGGRESSIVE;
				CLANG_WARN_UNREACHABLE_CODE = YES;
				CLANG_WARN__DUPLICATE_METHOD_MATCH = YES;
				COPY_PHASE_STRIP = NO;
				DEBUG_INFORMATION_FORMAT = dwarf;
				ENABLE_STRICT_OBJC_MSGSEND = YES;
				ENABLE_TESTABILITY = YES;
				GCC_C_LANGUAGE_STANDARD = gnu11;
				GCC_DYNAMIC_NO_PIC = NO;
				GCC_NO_COMMON_BLOCKS = YES;
				GCC_OPTIMIZATION_LEVEL = 0;
				GCC_PREPROCESSOR_DEFINITIONS = (
					"DEBUG=1",
					"$(inherited)",
				);
				GCC_WARN_64_TO_32_BIT_CONVERSION = YES;
				GCC_WARN_ABOUT_RETURN_TYPE = YES_ERROR;
				GCC_WARN_UNDECLARED_SELECTOR = YES;
				GCC_WARN_UNINITIALIZED_AUTOS = YES_AGGRESSIVE;
				GCC_WARN_UNUSED_FUNCTION = YES;
				GCC_WARN_UNUSED_VARIABLE = YES;
				MACOSX_DEPLOYMENT_TARGET = 10.15;
				MTL_ENABLE_DEBUG_INFO = INCLUDE_SOURCE;
				MTL_FAST_MATH = YES;
				ONLY_ACTIVE_ARCH = YES;
				SDKROOT = macosx;
			};
			name = Debug;
		};
		DF73E24C23EF24C000E24124 /* Release */ = {
			isa = XCBuildConfiguration;
			buildSettings = {
				ALWAYS_SEARCH_USER_PATHS = NO;
				CLANG_ANALYZER_NONNULL = YES;
				CLANG_ANALYZER_NUMBER_OBJECT_CONVERSION = YES_AGGRESSIVE;
				CLANG_CXX_LANGUAGE_STANDARD = "gnu++14";
				CLANG_CXX_LIBRARY = "libc++";
				CLANG_ENABLE_MODULES = YES;
				CLANG_ENABLE_OBJC_ARC = YES;
				CLANG_ENABLE_OBJC_WEAK = YES;
				CLANG_WARN_BLOCK_CAPTURE_AUTORELEASING = YES;
				CLANG_WARN_BOOL_CONVERSION = YES;
				CLANG_WARN_COMMA = YES;
				CLANG_WARN_CONSTANT_CONVERSION = YES;
				CLANG_WARN_DEPRECATED_OBJC_IMPLEMENTATIONS = YES;
				CLANG_WARN_DIRECT_OBJC_ISA_USAGE = YES_ERROR;
				CLANG_WARN_DOCUMENTATION_COMMENTS = YES;
				CLANG_WARN_EMPTY_BODY = YES;
				CLANG_WARN_ENUM_CONVERSION = YES;
				CLANG_WARN_INFINITE_RECURSION = YES;
				CLANG_WARN_INT_CONVERSION = YES;
				CLANG_WARN_NON_LITERAL_NULL_CONVERSION = YES;
				CLANG_WARN_OBJC_IMPLICIT_RETAIN_SELF = YES;
				CLANG_WARN_OBJC_LITERAL_CONVERSION = YES;
				CLANG_WARN_OBJC_ROOT_CLASS = YES_ERROR;
				CLANG_WARN_RANGE_LOOP_ANALYSIS = YES;
				CLANG_WARN_STRICT_PROTOTYPES = YES;
				CLANG_WARN_SUSPICIOUS_MOVE = YES;
				CLANG_WARN_UNGUARDED_AVAILABILITY = YES_AGGRESSIVE;
				CLANG_WARN_UNREACHABLE_CODE = YES;
				CLANG_WARN__DUPLICATE_METHOD_MATCH = YES;
				COPY_PHASE_STRIP = NO;
				DEBUG_INFORMATION_FORMAT = "dwarf-with-dsym";
				ENABLE_NS_ASSERTIONS = NO;
				ENABLE_STRICT_OBJC_MSGSEND = YES;
				GCC_C_LANGUAGE_STANDARD = gnu11;
				GCC_NO_COMMON_BLOCKS = YES;
				GCC_WARN_64_TO_32_BIT_CONVERSION = YES;
				GCC_WARN_ABOUT_RETURN_TYPE = YES_ERROR;
				GCC_WARN_UNDECLARED_SELECTOR = YES;
				GCC_WARN_UNINITIALIZED_AUTOS = YES_AGGRESSIVE;
				GCC_WARN_UNUSED_FUNCTION = YES;
				GCC_WARN_UNUSED_VARIABLE = YES;
				MACOSX_DEPLOYMENT_TARGET = 10.15;
				MTL_ENABLE_DEBUG_INFO = NO;
				MTL_FAST_MATH = YES;
				SDKROOT = macosx;
			};
			name = Release;
		};
		DF73E24E23EF24C000E24124 /* Debug */ = {
			isa = XCBuildConfiguration;
			buildSettings = {
				CLANG_CXX_LANGUAGE_STANDARD = "gnu++17";
				CODE_SIGN_ENTITLEMENTS = "hello-triangle/hello-triangle.entitlements";
				CODE_SIGN_STYLE = Automatic;
				DEVELOPMENT_TEAM = B8P6FU425R;
				ENABLE_HARDENED_RUNTIME = NO;
				HEADER_SEARCH_PATHS = /usr/local/include;
				LIBRARY_SEARCH_PATHS = (
					"$(inherited)",
					/usr/local/Cellar/glew/2.1.0_1/lib,
					/usr/local/Cellar/glfw/3.3.2/lib,
				);
				PRODUCT_NAME = "$(TARGET_NAME)";
			};
			name = Debug;
		};
		DF73E24F23EF24C000E24124 /* Release */ = {
			isa = XCBuildConfiguration;
			buildSettings = {
				CLANG_CXX_LANGUAGE_STANDARD = "gnu++17";
				CODE_SIGN_ENTITLEMENTS = "hello-triangle/hello-triangle.entitlements";
				CODE_SIGN_STYLE = Automatic;
				DEVELOPMENT_TEAM = B8P6FU425R;
				ENABLE_HARDENED_RUNTIME = NO;
				HEADER_SEARCH_PATHS = /usr/local/include;
				LIBRARY_SEARCH_PATHS = (
					"$(inherited)",
					/usr/local/Cellar/glew/2.1.0_1/lib,
					/usr/local/Cellar/glfw/3.3.2/lib,
				);
				PRODUCT_NAME = "$(TARGET_NAME)";
			};
			name = Release;
		};
/* End XCBuildConfiguration section */

/* Begin XCConfigurationList section */
		DF73E24123EF24C000E24124 /* Build configuration list for PBXProject "hello-triangle" */ = {
			isa = XCConfigurationList;
			buildConfigurations = (
				DF73E24B23EF24C000E24124 /* Debug */,
				DF73E24C23EF24C000E24124 /* Release */,
			);
			defaultConfigurationIsVisible = 0;
			defaultConfigurationName = Release;
		};
		DF73E24D23EF24C000E24124 /* Build configuration list for PBXNativeTarget "hello-triangle" */ = {
			isa = XCConfigurationList;
			buildConfigurations = (
				DF73E24E23EF24C000E24124 /* Debug */,
				DF73E24F23EF24C000E24124 /* Release */,
			);
			defaultConfigurationIsVisible = 0;
			defaultConfigurationName = Release;
		};
/* End XCConfigurationList section */
	};
	rootObject = DF73E23E23EF24C000E24124 /* Project object */;
}
